
Microsoft Visual Studio Solution File, Format Version 12.00
# Visual Studio Version 17
VisualStudioVersion = 17.11.35222.181
MinimumVisualStudioVersion = 10.0.40219.1
Project("{FAE04EC0-301F-11D3-BF4B-00C04F79EFBC}") = "FrohbergComputers", "FrohbergComputers\FrohbergComputers.csproj", "{34DB38FA-C5C1-47B2-8DE1-754D57854F50}"
EndProject
Global
	GlobalSection(SolutionConfigurationPlatforms) = preSolution
		Debug|Any CPU = Debug|Any CPU
		Release|Any CPU = Release|Any CPU
	EndGlobalSection
	GlobalSection(ProjectConfigurationPlatforms) = postSolution
		{34DB38FA-C5C1-47B2-8DE1-754D57854F50}.Debug|Any CPU.ActiveCfg = Debug|Any CPU
		{34DB38FA-C5C1-47B2-8DE1-754D57854F50}.Debug|Any CPU.Build.0 = Debug|Any CPU
		{34DB38FA-C5C1-47B2-8DE1-754D57854F50}.Release|Any CPU.ActiveCfg = Release|Any CPU
		{34DB38FA-C5C1-47B2-8DE1-754D57854F50}.Release|Any CPU.Build.0 = Release|Any CPU
	EndGlobalSection
	GlobalSection(SolutionProperties) = preSolution
		HideSolutionNode = FALSE
	EndGlobalSection
	GlobalSection(ExtensibilityGlobals) = postSolution
		SolutionGuid = {52ECFF98-ED83-481E-8728-3659A6BF4242}
	EndGlobalSection
EndGlobal
